
Microsoft Visual Studio Solution File, Format Version 12.00
# Visual Studio Version 17
VisualStudioVersion = 17.14.36915.13 d17.14
MinimumVisualStudioVersion = 10.0.40219.1
Project("{FAE04EC0-301F-11D3-BF4B-00C04F79EFBC}") = "template", "template.csproj", "{8E699070-F87B-4D13-85F7-58248C090A0B}"
EndProject
Project("{FAE04EC0-301F-11D3-BF4B-00C04F79EFBC}") = "src", "..\src\src.csproj", "{BB197408-C0E9-4812-AB3C-75C58028808B}"
EndProject
Project("{FAE04EC0-301F-11D3-BF4B-00C04F79EFBC}") = "third_party", "..\third_party\third_party.csproj", "{26D677B6-FBAD-46F2-B55C-D55DE95F457F}"
EndProject
Global
	GlobalSection(SolutionConfigurationPlatforms) = preSolution
		Debug|Any CPU = Debug|Any CPU
		Release|Any CPU = Release|Any CPU
	EndGlobalSection
	GlobalSection(ProjectConfigurationPlatforms) = postSolution
		{8E699070-F87B-4D13-85F7-58248C090A0B}.Debug|Any CPU.ActiveCfg = Debug|Any CPU
		{8E699070-F87B-4D13-85F7-58248C090A0B}.Debug|Any CPU.Build.0 = Debug|Any CPU
		{8E699070-F87B-4D13-85F7-58248C090A0B}.Release|Any CPU.ActiveCfg = Release|Any CPU
		{8E699070-F87B-4D13-85F7-58248C090A0B}.Release|Any CPU.Build.0 = Release|Any CPU
		{BB197408-C0E9-4812-AB3C-75C58028808B}.Debug|Any CPU.ActiveCfg = Debug|Any CPU
		{BB197408-C0E9-4812-AB3C-75C58028808B}.Debug|Any CPU.Build.0 = Debug|Any CPU
		{BB197408-C0E9-4812-AB3C-75C58028808B}.Release|Any CPU.ActiveCfg = Release|Any CPU
		{BB197408-C0E9-4812-AB3C-75C58028808B}.Release|Any CPU.Build.0 = Release|Any CPU
		{26D677B6-FBAD-46F2-B55C-D55DE95F457F}.Debug|Any CPU.ActiveCfg = Debug|Any CPU
		{26D677B6-FBAD-46F2-B55C-D55DE95F457F}.Debug|Any CPU.Build.0 = Debug|Any CPU
		{26D677B6-FBAD-46F2-B55C-D55DE95F457F}.Release|Any CPU.ActiveCfg = Release|Any CPU
		{26D677B6-FBAD-46F2-B55C-D55DE95F457F}.Release|Any CPU.Build.0 = Release|Any CPU
	EndGlobalSection
	GlobalSection(SolutionProperties) = preSolution
		HideSolutionNode = FALSE
	EndGlobalSection
	GlobalSection(ExtensibilityGlobals) = postSolution
		SolutionGuid = {E207371D-63A2-47C6-A307-54AA6FA5B6A7}
	EndGlobalSection
EndGlobal
